
Microsoft Visual Studio Solution File, Format Version 12.00
Project("{FAE04EC0-301F-11D3-BF4B-00C04F79EFBC}") = "Engine", "Engine\Engine.csproj", "{4688D9E2-1F1A-4BA0-9D7A-24520CE5D0FA}"
EndProject
Global
	GlobalSection(SolutionConfigurationPlatforms) = preSolution
		Debug|Any CPU = Debug|Any CPU
		Release|Any CPU = Release|Any CPU
	EndGlobalSection
	GlobalSection(ProjectConfigurationPlatforms) = postSolution
		{4688D9E2-1F1A-4BA0-9D7A-24520CE5D0FA}.Debug|Any CPU.ActiveCfg = Debug|Any CPU
		{4688D9E2-1F1A-4BA0-9D7A-24520CE5D0FA}.Debug|Any CPU.Build.0 = Debug|Any CPU
		{4688D9E2-1F1A-4BA0-9D7A-24520CE5D0FA}.Release|Any CPU.ActiveCfg = Release|Any CPU
		{4688D9E2-1F1A-4BA0-9D7A-24520CE5D0FA}.Release|Any CPU.Build.0 = Release|Any CPU
	EndGlobalSection
EndGlobal
